# This file is automatically @generated by Cargo.
# It is not intended for manual editing.
version = 3

[[package]]
name = "app"
version = "0.1.0"
dependencies = [
 "rsc",
]

[[package]]
name = "rsc"
version = "2.0.0"
source = "registry+https://github.com/rust-lang/crates.io-index"
checksum = "2d6345277feccd67184367ab35412f067133c3daeb8149304125b0696164eb4f"
